stage=VISUAL_INTEGRATION_AND_FINAL_BUILD_VERIFICATION
status=COMPLETE
architecture_destinations=19
active_owned_root_domains=15
excluded_owned_root_domain=solworld.fun
excluded_owned_root_domain_action=DO_NOT_BUILD_DO_NOT_DEPLOY
protected_existing_destinations=oneworldz.com,cryptobotz.cryptoworldz.xyz
approved_visuals=foodworldz,donateworldz,hodlergalaxy
approved_visual_date=2026-08-14
responsive_visual_fitment=desktop_and_mobile
visual_source_policy=GENERATED_APPROVED_VISUALS_ONLY_NO_REFERENCE_LIBRARY_ARTWORK
validation_19_destination_build=PASS
validation_worldz_deployment_policy=PASS
production_deployment_state=NOT_EXECUTED
pull_request=80
pull_request_state=DRAFT_UNMERGED
next_gate=PRODUCTION_TARGET_MAPPING_AND_DEPLOYMENT_READINESS
