stage=PRODUCTION_TARGET_MAPPING_AND_DEPLOYMENT_READINESS
requested_by=JayJayTeamDev
architecture_destinations=19
active_owned_root_domains=15
static_targets=17
protected_existing_destinations=oneworldz.com,cryptobotz.cryptoworldz.xyz
excluded_owned_root_domain=solworld.fun
excluded_action=DO_NOT_BUILD_DO_NOT_DEPLOY
remote_path_contract=domains/{domain}/public_html
ftp_account_scope=SHARED_ACCOUNT_EXACT_TARGET
readiness_validation=PASS
remote_preflight=BLOCKED_MISSING_HOSTINGER_ROOTS
verified_existing_hostinger_roots=15
missing_hostinger_roots=foodworldz.com,donateworldz.com
missing_root_action=ADD_DOMAINS_TO_HOSTINGER_HOSTING_THEN_RERUN_READ_ONLY_PREFLIGHT
approved_visual_materialization=INCOMPLETE
production_deployment_state=NOT_EXECUTED
production_deployment_request=NOT_CREATED
pull_request=80
pull_request_state=DRAFT_UNMERGED
status=BLOCKED_HOSTINGER_ROOT_SETUP_AND_FINAL_APPROVED_VISUAL_MATERIALIZATION
