stage=FINAL_DOUBLE_PREDEPLOYMENT_PLAN_BUILD_DESTINATION_CHECK
requested_by=JayJayTeamDev
architecture_destinations=19
active_owned_root_domains=15
static_targets=17
protected_existing_destinations=oneworldz.com,cryptobotz.cryptoworldz.xyz
excluded_owned_root_domain=solworld.fun
excluded_action=DO_NOT_BUILD_DO_NOT_DEPLOY
remote_path_contract=domains/{domain}/public_html
ftp_account_scope=SHARED_ACCOUNT_EXACT_TARGET
locked_total_request=RECONCILED_TO_17_STATIC_TARGETS
locked_total_request_commit=32950d1dfbaa22f028a36bb39907a57b31e73b19
readiness_validation=PASS_CURRENT_19_15_17_CONFIG
final_readiness_ci_run=31828678642
final_readiness_tests=33_PASS_0_FAIL
remote_preflight=PASS
remote_preflight_final_run=31828478064
verified_existing_hostinger_roots=17
missing_hostinger_roots=NONE
foodworldz_hostinger_root=VERIFIED
donateworldz_hostinger_root=VERIFIED
approved_visual_materialization=PASS
visual_materialization_ci_run=31827842659
visual_materialization_tests=33_PASS_0_FAIL
foodworldz_visual_sha256=c001ad90cab0d7f0042811663b94513863683ca02997342d367fe3d7f3de41ea
donateworldz_visual_sha256=cb7c30565024114418510ee2cfc4a6056d5158f5b173e1b4a0a78ed04c323f63
hodlergalaxy_visual_sha256=3c02121adc4688310b5364707c13dd1befeb829f53ba55ed27d260503b86a047
full_master_plan_reconciliation=BLOCKED
unresolved_root_domain=bitcoinworldz.xyz
unresolved_reason=HOSTINGER_ROOT_PRESENT_AND_MASTER_BLUEPRINT_INCLUDES_BITCOINWORLDZ_BUT_CURRENT_19_15_17_FLEET_EXCLUDES_IT
required_before_production=CONFIRM_CURRENT_BITCOINWORLDZ_OWNERSHIP_AND_INCLUDE_OR_EXPLICITLY_EXCLUDE
production_deployment_state=NOT_EXECUTED
production_deployment_request=NOT_CREATED
pull_request=80
pull_request_state=DRAFT_UNMERGED
status=BLOCKED_PENDING_BITCOINWORLDZ_SCOPE_RECONCILIATION
